
Microsoft Visual Studio Solution File, Format Version 12.00
# Visual Studio Version 17
VisualStudioVersion = 17.7.34031.279
MinimumVisualStudioVersion = 10.0.40219.1
Project("{FAE04EC0-301F-11D3-BF4B-00C04F79EFBC}") = "PlaceGame", "PlaceGame\PlaceGame.csproj", "{11AB40DC-403A-440A-B4A7-7E07B261CF0E}"
EndProject
Global
	GlobalSection(SolutionConfigurationPlatforms) = preSolution
		Debug|Any CPU = Debug|Any CPU
		Release|Any CPU = Release|Any CPU
	EndGlobalSection
	GlobalSection(ProjectConfigurationPlatforms) = postSolution
		{11AB40DC-403A-440A-B4A7-7E07B261CF0E}.Debug|Any CPU.ActiveCfg = Debug|Any CPU
		{11AB40DC-403A-440A-B4A7-7E07B261CF0E}.Debug|Any CPU.Build.0 = Debug|Any CPU
		{11AB40DC-403A-440A-B4A7-7E07B261CF0E}.Release|Any CPU.ActiveCfg = Release|Any CPU
		{11AB40DC-403A-440A-B4A7-7E07B261CF0E}.Release|Any CPU.Build.0 = Release|Any CPU
	EndGlobalSection
	GlobalSection(SolutionProperties) = preSolution
		HideSolutionNode = FALSE
	EndGlobalSection
	GlobalSection(ExtensibilityGlobals) = postSolution
		SolutionGuid = {59820344-A661-4643-8D1C-C4B7D13C818F}
	EndGlobalSection
EndGlobal
